
Microsoft Visual Studio Solution File, Format Version 12.00
# Visual Studio Version 17
VisualStudioVersion = 17.8.34330.188
MinimumVisualStudioVersion = 10.0.40219.1
Project("{9A19103F-16F7-4668-BE54-9A1E7A4F7556}") = "Stage0", "Stage0\Stage0.csproj", "{88A776B9-4F93-473D-B327-25C1F0272030}"
EndProject
Project("{2150E333-8FDC-42A3-9474-1A3956D46DE8}") = "Solution Items", "Solution Items", "{BF1BBB2F-08BD-432F-8C22-0C7224557477}"
	ProjectSection(SolutionItems) = preProject
		README.md = README.md
		..\..\..\Desktop\קובץ בונוסים.docx = ..\..\..\Desktop\קובץ בונוסים.docx
	EndProjectSection
EndProject
Project("{9A19103F-16F7-4668-BE54-9A1E7A4F7556}") = "DalFacade", "DalFacade\DalFacade.csproj", "{DB5859E6-6971-4164-B857-9FABBA90F565}"
EndProject
Project("{9A19103F-16F7-4668-BE54-9A1E7A4F7556}") = "DalList", "DalList\DalList.csproj", "{20EB5757-E9BC-42C6-AD47-F05D5AB82A4C}"
EndProject
Project("{9A19103F-16F7-4668-BE54-9A1E7A4F7556}") = "DalTest", "DalTest\DalTest.csproj", "{5F576473-3EF4-4949-8E5D-C10C577E4895}"
EndProject
Project("{9A19103F-16F7-4668-BE54-9A1E7A4F7556}") = "DalXml", "DalXml\DalXml.csproj", "{E08D83FE-FEDE-4226-A638-190C328EE4A2}"
EndProject
Project("{2150E333-8FDC-42A3-9474-1A3956D46DE8}") = "xml", "xml", "{B7C00AE1-98CA-4713-A46B-C07B91478039}"
	ProjectSection(SolutionItems) = preProject
		xml\dal-config.xml = xml\dal-config.xml
		xml\data-config.xml = xml\data-config.xml
		xml\dependencies.xml = xml\dependencies.xml
		xml\engineers.xml = xml\engineers.xml
		xml\tasks.xml = xml\tasks.xml
		xml\users.xml = xml\users.xml
	EndProjectSection
EndProject
Project("{9A19103F-16F7-4668-BE54-9A1E7A4F7556}") = "BL", "BL\BL.csproj", "{023AAC7C-2DE9-409F-B318-2E7D6C84414A}"
EndProject
Project("{9A19103F-16F7-4668-BE54-9A1E7A4F7556}") = "BlTest", "BlTest\BlTest.csproj", "{0C412F0C-D056-49F4-AB6F-8D680C2EACA0}"
EndProject
Project("{9A19103F-16F7-4668-BE54-9A1E7A4F7556}") = "PL", "PL\PL.csproj", "{0EC13F73-F285-42C5-894C-80F84305DE79}"
EndProject
Global
	GlobalSection(SolutionConfigurationPlatforms) = preSolution
		Debug|Any CPU = Debug|Any CPU
		Release|Any CPU = Release|Any CPU
	EndGlobalSection
	GlobalSection(ProjectConfigurationPlatforms) = postSolution
		{88A776B9-4F93-473D-B327-25C1F0272030}.Debug|Any CPU.ActiveCfg = Debug|Any CPU
		{88A776B9-4F93-473D-B327-25C1F0272030}.Debug|Any CPU.Build.0 = Debug|Any CPU
		{88A776B9-4F93-473D-B327-25C1F0272030}.Release|Any CPU.ActiveCfg = Release|Any CPU
		{88A776B9-4F93-473D-B327-25C1F0272030}.Release|Any CPU.Build.0 = Release|Any CPU
		{DB5859E6-6971-4164-B857-9FABBA90F565}.Debug|Any CPU.ActiveCfg = Debug|Any CPU
		{DB5859E6-6971-4164-B857-9FABBA90F565}.Debug|Any CPU.Build.0 = Debug|Any CPU
		{DB5859E6-6971-4164-B857-9FABBA90F565}.Release|Any CPU.ActiveCfg = Release|Any CPU
		{DB5859E6-6971-4164-B857-9FABBA90F565}.Release|Any CPU.Build.0 = Release|Any CPU
		{20EB5757-E9BC-42C6-AD47-F05D5AB82A4C}.Debug|Any CPU.ActiveCfg = Debug|Any CPU
		{20EB5757-E9BC-42C6-AD47-F05D5AB82A4C}.Debug|Any CPU.Build.0 = Debug|Any CPU
		{20EB5757-E9BC-42C6-AD47-F05D5AB82A4C}.Release|Any CPU.ActiveCfg = Release|Any CPU
		{20EB5757-E9BC-42C6-AD47-F05D5AB82A4C}.Release|Any CPU.Build.0 = Release|Any CPU
		{5F576473-3EF4-4949-8E5D-C10C577E4895}.Debug|Any CPU.ActiveCfg = Debug|Any CPU
		{5F576473-3EF4-4949-8E5D-C10C577E4895}.Debug|Any CPU.Build.0 = Debug|Any CPU
		{5F576473-3EF4-4949-8E5D-C10C577E4895}.Release|Any CPU.ActiveCfg = Release|Any CPU
		{5F576473-3EF4-4949-8E5D-C10C577E4895}.Release|Any CPU.Build.0 = Release|Any CPU
		{E08D83FE-FEDE-4226-A638-190C328EE4A2}.Debug|Any CPU.ActiveCfg = Debug|Any CPU
		{E08D83FE-FEDE-4226-A638-190C328EE4A2}.Debug|Any CPU.Build.0 = Debug|Any CPU
		{E08D83FE-FEDE-4226-A638-190C328EE4A2}.Release|Any CPU.ActiveCfg = Release|Any CPU
		{E08D83FE-FEDE-4226-A638-190C328EE4A2}.Release|Any CPU.Build.0 = Release|Any CPU
		{023AAC7C-2DE9-409F-B318-2E7D6C84414A}.Debug|Any CPU.ActiveCfg = Debug|Any CPU
		{023AAC7C-2DE9-409F-B318-2E7D6C84414A}.Debug|Any CPU.Build.0 = Debug|Any CPU
		{023AAC7C-2DE9-409F-B318-2E7D6C84414A}.Release|Any CPU.ActiveCfg = Release|Any CPU
		{023AAC7C-2DE9-409F-B318-2E7D6C84414A}.Release|Any CPU.Build.0 = Release|Any CPU
		{0C412F0C-D056-49F4-AB6F-8D680C2EACA0}.Debug|Any CPU.ActiveCfg = Debug|Any CPU
		{0C412F0C-D056-49F4-AB6F-8D680C2EACA0}.Debug|Any CPU.Build.0 = Debug|Any CPU
		{0C412F0C-D056-49F4-AB6F-8D680C2EACA0}.Release|Any CPU.ActiveCfg = Release|Any CPU
		{0C412F0C-D056-49F4-AB6F-8D680C2EACA0}.Release|Any CPU.Build.0 = Release|Any CPU
		{0EC13F73-F285-42C5-894C-80F84305DE79}.Debug|Any CPU.ActiveCfg = Debug|Any CPU
		{0EC13F73-F285-42C5-894C-80F84305DE79}.Debug|Any CPU.Build.0 = Debug|Any CPU
		{0EC13F73-F285-42C5-894C-80F84305DE79}.Release|Any CPU.ActiveCfg = Release|Any CPU
		{0EC13F73-F285-42C5-894C-80F84305DE79}.Release|Any CPU.Build.0 = Release|Any CPU
	EndGlobalSection
	GlobalSection(SolutionProperties) = preSolution
		HideSolutionNode = FALSE
	EndGlobalSection
	GlobalSection(ExtensibilityGlobals) = postSolution
		SolutionGuid = {B052E333-239E-4DD2-8180-411E63346768}
	EndGlobalSection
EndGlobal
